// !$*UTF8*$!
{
	archiveVersion = 1;
	classes = {
	};
	objectVersion = 50;
	objects = {

/* Begin PBXBuildFile section */
		9B80DA64211B783600C90895 /* AppDelegate.swift in Sources */ = {isa = PBXBuildFile; fileRef = 9B80DA63211B783600C90895 /* AppDelegate.swift */; };
		9B80DA66211B783600C90895 /* SplashViewController.swift in Sources */ = {isa = PBXBuildFile; fileRef = 9B80DA65211B783600C90895 /* SplashViewController.swift */; };
		9B80DA69211B783600C90895 /* Main.storyboard in Resources */ = {isa = PBXBuildFile; fileRef = 9B80DA67211B783600C90895 /* Main.storyboard */; };
		9B80DA6B211B783700C90895 /* Assets.xcassets in Resources */ = {isa = PBXBuildFile; fileRef = 9B80DA6A211B783700C90895 /* Assets.xcassets */; };
		9B80DA6E211B783700C90895 /* LaunchScreen.storyboard in Resources */ = {isa = PBXBuildFile; fileRef = 9B80DA6C211B783700C90895 /* LaunchScreen.storyboard */; };
		9B80DA79211B783700C90895 /* ElectricityBillTests.swift in Sources */ = {isa = PBXBuildFile; fileRef = 9B80DA78211B783700C90895 /* ElectricityBillTests.swift */; };
		9B80DA84211B783700C90895 /* ElectricityBillUITests.swift in Sources */ = {isa = PBXBuildFile; fileRef = 9B80DA83211B783700C90895 /* ElectricityBillUITests.swift */; };
		9B80DA92211B785D00C90895 /* LoginViewController.swift in Sources */ = {isa = PBXBuildFile; fileRef = 9B80DA91211B785D00C90895 /* LoginViewController.swift */; };
		9B80DA94211B787300C90895 /* BillCalculationViewController.swift in Sources */ = {isa = PBXBuildFile; fileRef = 9B80DA93211B787300C90895 /* BillCalculationViewController.swift */; };
		9B80DA96211B789300C90895 /* BillDetailViewController.swift in Sources */ = {isa = PBXBuildFile; fileRef = 9B80DA95211B789300C90895 /* BillDetailViewController.swift */; };
		9B80DA98211B7BC900C90895 /* LoadImage.jpg in Resources */ = {isa = PBXBuildFile; fileRef = 9B80DA97211B7BC900C90895 /* LoadImage.jpg */; };
		9B80DA9B211B878400C90895 /* Save-Electricity-PNG-Free-Download.png in Resources */ = {isa = PBXBuildFile; fileRef = 9B80DA9A211B878400C90895 /* Save-Electricity-PNG-Free-Download.png */; };
/* End PBXBuildFile section */

/* Begin PBXContainerItemProxy section */
		9B80DA75211B783700C90895 /* PBXContainerItemProxy */ = {
			isa = PBXContainerItemProxy;
			containerPortal = 9B80DA58211B783600C90895 /* Project object */;
			proxyType = 1;
			remoteGlobalIDString = 9B80DA5F211B783600C90895;
			remoteInfo = ElectricityBill;
		};
		9B80DA80211B783700C90895 /* PBXContainerItemProxy */ = {
			isa = PBXContainerItemProxy;
			containerPortal = 9B80DA58211B783600C90895 /* Project object */;
			proxyType = 1;
			remoteGlobalIDString = 9B80DA5F211B783600C90895;
			remoteInfo = ElectricityBill;
		};
/* End PBXContainerItemProxy section */

/* Begin PBXFileReference section */
		9B80DA60211B783600C90895 /* ElectricityBill.app */ = {isa = PBXFileReference; explicitFileType = wrapper.application; includeInIndex = 0; path = ElectricityBill.app; sourceTree = BUILT_PRODUCTS_DIR; };
		9B80DA63211B783600C90895 /* AppDelegate.swift */ = {isa = PBXFileReference; lastKnownFileType = sourcecode.swift; path = AppDelegate.swift; sourceTree = "<group>"; };
		9B80DA65211B783600C90895 /* SplashViewController.swift */ = {isa = PBXFileReference; lastKnownFileType = sourcecode.swift; path = SplashViewController.swift; sourceTree = "<group>"; };
		9B80DA68211B783600C90895 /* Base */ = {isa = PBXFileReference; lastKnownFileType = file.storyboard; name = Base; path = Base.lproj/Main.storyboard; sourceTree = "<group>"; };
		9B80DA6A211B783700C90895 /* Assets.xcassets */ = {isa = PBXFileReference; lastKnownFileType = folder.assetcatalog; path = Assets.xcassets; sourceTree = "<group>"; };
		9B80DA6D211B783700C90895 /* Base */ = {isa = PBXFileReference; lastKnownFileType = file.storyboard; name = Base; path = Base.lproj/LaunchScreen.storyboard; sourceTree = "<group>"; };
		9B80DA6F211B783700C90895 /* Info.plist */ = {isa = PBXFileReference; lastKnownFileType = text.plist.xml; path = Info.plist; sourceTree = "<group>"; };
		9B80DA74211B783700C90895 /* ElectricityBillTests.xctest */ = {isa = PBXFileReference; explicitFileType = wrapper.cfbundle; includeInIndex = 0; path = ElectricityBillTests.xctest; sourceTree = BUILT_PRODUCTS_DIR; };
		9B80DA78211B783700C90895 /* ElectricityBillTests.swift */ = {isa = PBXFileReference; lastKnownFileType = sourcecode.swift; path = ElectricityBillTests.swift; sourceTree = "<group>"; };
		9B80DA7A211B783700C90895 /* Info.plist */ = {isa = PBXFileReference; lastKnownFileType = text.plist.xml; path = Info.plist; sourceTree = "<group>"; };
		9B80DA7F211B783700C90895 /* ElectricityBillUITests.xctest */ = {isa = PBXFileReference; explicitFileType = wrapper.cfbundle; includeInIndex = 0; path = ElectricityBillUITests.xctest; sourceTree = BUILT_PRODUCTS_DIR; };
		9B80DA83211B783700C90895 /* ElectricityBillUITests.swift */ = {isa = PBXFileReference; lastKnownFileType = sourcecode.swift; path = ElectricityBillUITests.swift; sourceTree = "<group>"; };
		9B80DA85211B783700C90895 /* Info.plist */ = {isa = PBXFileReference; lastKnownFileType = text.plist.xml; path = Info.plist; sourceTree = "<group>"; };
		9B80DA91211B785D00C90895 /* LoginViewController.swift */ = {isa = PBXFileReference; lastKnownFileType = sourcecode.swift; path = LoginViewController.swift; sourceTree = "<group>"; };
		9B80DA93211B787300C90895 /* BillCalculationViewController.swift */ = {isa = PBXFileReference; lastKnownFileType = sourcecode.swift; path = BillCalculationViewController.swift; sourceTree = "<group>"; };
		9B80DA95211B789300C90895 /* BillDetailViewController.swift */ = {isa = PBXFileReference; lastKnownFileType = sourcecode.swift; path = BillDetailViewController.swift; sourceTree = "<group>"; };
		9B80DA97211B7BC900C90895 /* LoadImage.jpg */ = {isa = PBXFileReference; lastKnownFileType = image.jpeg; path = LoadImage.jpg; sourceTree = "<group>"; };
		9B80DA9A211B878400C90895 /* Save-Electricity-PNG-Free-Download.png */ = {isa = PBXFileReference; lastKnownFileType = image.png; path = "Save-Electricity-PNG-Free-Download.png"; sourceTree = "<group>"; };
/* End PBXFileReference section */

/* Begin PBXFrameworksBuildPhase section */
		9B80DA5D211B783600C90895 /* Frameworks */ = {
			isa = PBXFrameworksBuildPhase;
			buildActionMask = 2147483647;
			files = (
			);
			runOnlyForDeploymentPostprocessing = 0;
		};
		9B80DA71211B783700C90895 /* Frameworks */ = {
			isa = PBXFrameworksBuildPhase;
			buildActionMask = 2147483647;
			files = (
			);
			runOnlyForDeploymentPostprocessing = 0;
		};
		9B80DA7C211B783700C90895 /* Frameworks */ = {
			isa = PBXFrameworksBuildPhase;
			buildActionMask = 2147483647;
			files = (
			);
			runOnlyForDeploymentPostprocessing = 0;
		};
/* End PBXFrameworksBuildPhase section */

/* Begin PBXGroup section */
		9B80DA57211B783600C90895 = {
			isa = PBXGroup;
			children = (
				9B80DA62211B783600C90895 /* ElectricityBill */,
				9B80DA77211B783700C90895 /* ElectricityBillTests */,
				9B80DA82211B783700C90895 /* ElectricityBillUITests */,
				9B80DA61211B783600C90895 /* Products */,
			);
			sourceTree = "<group>";
		};
		9B80DA61211B783600C90895 /* Products */ = {
			isa = PBXGroup;
			children = (
				9B80DA60211B783600C90895 /* ElectricityBill.app */,
				9B80DA74211B783700C90895 /* ElectricityBillTests.xctest */,
				9B80DA7F211B783700C90895 /* ElectricityBillUITests.xctest */,
			);
			name = Products;
			sourceTree = "<group>";
		};
		9B80DA62211B783600C90895 /* ElectricityBill */ = {
			isa = PBXGroup;
			children = (
				9B80DA63211B783600C90895 /* AppDelegate.swift */,
				9B80DA65211B783600C90895 /* SplashViewController.swift */,
				9B80DA91211B785D00C90895 /* LoginViewController.swift */,
				9B80DA93211B787300C90895 /* BillCalculationViewController.swift */,
				9B80DA95211B789300C90895 /* BillDetailViewController.swift */,
				9B80DA67211B783600C90895 /* Main.storyboard */,
				9B80DA6A211B783700C90895 /* Assets.xcassets */,
				9B80DA6C211B783700C90895 /* LaunchScreen.storyboard */,
				9B80DA99211B876C00C90895 /* images */,
				9B80DA6F211B783700C90895 /* Info.plist */,
			);
			path = ElectricityBill;
			sourceTree = "<group>";
		};
		9B80DA77211B783700C90895 /* ElectricityBillTests */ = {
			isa = PBXGroup;
			children = (
				9B80DA78211B783700C90895 /* ElectricityBillTests.swift */,
				9B80DA7A211B783700C90895 /* Info.plist */,
			);
			path = ElectricityBillTests;
			sourceTree = "<group>";
		};
		9B80DA82211B783700C90895 /* ElectricityBillUITests */ = {
			isa = PBXGroup;
			children = (
				9B80DA83211B783700C90895 /* ElectricityBillUITests.swift */,
				9B80DA85211B783700C90895 /* Info.plist */,
			);
			path = ElectricityBillUITests;
			sourceTree = "<group>";
		};
		9B80DA99211B876C00C90895 /* images */ = {
			isa = PBXGroup;
			children = (
				9B80DA9A211B878400C90895 /* Save-Electricity-PNG-Free-Download.png */,
				9B80DA97211B7BC900C90895 /* LoadImage.jpg */,
			);
			path = images;
			sourceTree = "<group>";
		};
/* End PBXGroup section */

/* Begin PBXNativeTarget section */
		9B80DA5F211B783600C90895 /* ElectricityBill */ = {
			isa = PBXNativeTarget;
			buildConfigurationList = 9B80DA88211B783700C90895 /* Build configuration list for PBXNativeTarget "ElectricityBill" */;
			buildPhases = (
				9B80DA5C211B783600C90895 /* Sources */,
				9B80DA5D211B783600C90895 /* Frameworks */,
				9B80DA5E211B783600C90895 /* Resources */,
			);
			buildRules = (
			);
			dependencies = (
			);
			name = ElectricityBill;
			productName = ElectricityBill;
			productReference = 9B80DA60211B783600C90895 /* ElectricityBill.app */;
			productType = "com.apple.product-type.application";
		};
		9B80DA73211B783700C90895 /* ElectricityBillTests */ = {
			isa = PBXNativeTarget;
			buildConfigurationList = 9B80DA8B211B783700C90895 /* Build configuration list for PBXNativeTarget "ElectricityBillTests" */;
			buildPhases = (
				9B80DA70211B783700C90895 /* Sources */,
				9B80DA71211B783700C90895 /* Frameworks */,
				9B80DA72211B783700C90895 /* Resources */,
			);
			buildRules = (
			);
			dependencies = (
				9B80DA76211B783700C90895 /* PBXTargetDependency */,
			);
			name = ElectricityBillTests;
			productName = ElectricityBillTests;
			productReference = 9B80DA74211B783700C90895 /* ElectricityBillTests.xctest */;
			productType = "com.apple.product-type.bundle.unit-test";
		};
		9B80DA7E211B783700C90895 /* ElectricityBillUITests */ = {
			isa = PBXNativeTarget;
			buildConfigurationList = 9B80DA8E211B783700C90895 /* Build configuration list for PBXNativeTarget "ElectricityBillUITests" */;
			buildPhases = (
				9B80DA7B211B783700C90895 /* Sources */,
				9B80DA7C211B783700C90895 /* Frameworks */,
				9B80DA7D211B783700C90895 /* Resources */,
			);
			buildRules = (
			);
			dependencies = (
				9B80DA81211B783700C90895 /* PBXTargetDependency */,
			);
			name = ElectricityBillUITests;
			productName = ElectricityBillUITests;
			productReference = 9B80DA7F211B783700C90895 /* ElectricityBillUITests.xctest */;
			productType = "com.apple.product-type.bundle.ui-testing";
		};
/* End PBXNativeTarget section */

/* Begin PBXProject section */
		9B80DA58211B783600C90895 /* Project object */ = {
			isa = PBXProject;
			attributes = {
				LastSwiftUpdateCheck = 0930;
				LastUpgradeCheck = 0930;
				ORGANIZATIONNAME = MacStudent;
				TargetAttributes = {
					9B80DA5F211B783600C90895 = {
						CreatedOnToolsVersion = 9.3;
					};
					9B80DA73211B783700C90895 = {
						CreatedOnToolsVersion = 9.3;
						TestTargetID = 9B80DA5F211B783600C90895;
					};
					9B80DA7E211B783700C90895 = {
						CreatedOnToolsVersion = 9.3;
						TestTargetID = 9B80DA5F211B783600C90895;
					};
				};
			};
			buildConfigurationList = 9B80DA5B211B783600C90895 /* Build configuration list for PBXProject "ElectricityBill" */;
			compatibilityVersion = "Xcode 9.3";
			developmentRegion = en;
			hasScannedForEncodings = 0;
			knownRegions = (
				en,
				Base,
			);
			mainGroup = 9B80DA57211B783600C90895;
			productRefGroup = 9B80DA61211B783600C90895 /* Products */;
			projectDirPath = "";
			projectRoot = "";
			targets = (
				9B80DA5F211B783600C90895 /* ElectricityBill */,
				9B80DA73211B783700C90895 /* ElectricityBillTests */,
				9B80DA7E211B783700C90895 /* ElectricityBillUITests */,
			);
		};
/* End PBXProject section */

/* Begin PBXResourcesBuildPhase section */
		9B80DA5E211B783600C90895 /* Resources */ = {
			isa = PBXResourcesBuildPhase;
			buildActionMask = 2147483647;
			files = (
				9B80DA98211B7BC900C90895 /* LoadImage.jpg in Resources */,
				9B80DA6E211B783700C90895 /* LaunchScreen.storyboard in Resources */,
				9B80DA6B211B783700C90895 /* Assets.xcassets in Resources */,
				9B80DA69211B783600C90895 /* Main.storyboard in Resources */,
				9B80DA9B211B878400C90895 /* Save-Electricity-PNG-Free-Download.png in Resources */,
			);
			runOnlyForDeploymentPostprocessing = 0;
		};
		9B80DA72211B783700C90895 /* Resources */ = {
			isa = PBXResourcesBuildPhase;
			buildActionMask = 2147483647;
			files = (
			);
			runOnlyForDeploymentPostprocessing = 0;
		};
		9B80DA7D211B783700C90895 /* Resources */ = {
			isa = PBXResourcesBuildPhase;
			buildActionMask = 2147483647;
			files = (
			);
			runOnlyForDeploymentPostprocessing = 0;
		};
/* End PBXResourcesBuildPhase section */

/* Begin PBXSourcesBuildPhase section */
		9B80DA5C211B783600C90895 /* Sources */ = {
			isa = PBXSourcesBuildPhase;
			buildActionMask = 2147483647;
			files = (
				9B80DA92211B785D00C90895 /* LoginViewController.swift in Sources */,
				9B80DA96211B789300C90895 /* BillDetailViewController.swift in Sources */,
				9B80DA66211B783600C90895 /* SplashViewController.swift in Sources */,
				9B80DA64211B783600C90895 /* AppDelegate.swift in Sources */,
				9B80DA94211B787300C90895 /* BillCalculationViewController.swift in Sources */,
			);
			runOnlyForDeploymentPostprocessing = 0;
		};
		9B80DA70211B783700C90895 /* Sources */ = {
			isa = PBXSourcesBuildPhase;
			buildActionMask = 2147483647;
			files = (
				9B80DA79211B783700C90895 /* ElectricityBillTests.swift in Sources */,
			);
			runOnlyForDeploymentPostprocessing = 0;
		};
		9B80DA7B211B783700C90895 /* Sources */ = {
			isa = PBXSourcesBuildPhase;
			buildActionMask = 2147483647;
			files = (
				9B80DA84211B783700C90895 /* ElectricityBillUITests.swift in Sources */,
			);
			runOnlyForDeploymentPostprocessing = 0;
		};
/* End PBXSourcesBuildPhase section */

/* Begin PBXTargetDependency section */
		9B80DA76211B783700C90895 /* PBXTargetDependency */ = {
			isa = PBXTargetDependency;
			target = 9B80DA5F211B783600C90895 /* ElectricityBill */;
			targetProxy = 9B80DA75211B783700C90895 /* PBXContainerItemProxy */;
		};
		9B80DA81211B783700C90895 /* PBXTargetDependency */ = {
			isa = PBXTargetDependency;
			target = 9B80DA5F211B783600C90895 /* ElectricityBill */;
			targetProxy = 9B80DA80211B783700C90895 /* PBXContainerItemProxy */;
		};
/* End PBXTargetDependency section */

/* Begin PBXVariantGroup section */
		9B80DA67211B783600C90895 /* Main.storyboard */ = {
			isa = PBXVariantGroup;
			children = (
				9B80DA68211B783600C90895 /* Base */,
			);
			name = Main.storyboard;
			sourceTree = "<group>";
		};
		9B80DA6C211B783700C90895 /* LaunchScreen.storyboard */ = {
			isa = PBXVariantGroup;
			children = (
				9B80DA6D211B783700C90895 /* Base */,
			);
			name = LaunchScreen.storyboard;
			sourceTree = "<group>";
		};
/* End PBXVariantGroup section */

/* Begin XCBuildConfiguration section */
		9B80DA86211B783700C90895 /* Debug */ = {
			isa = XCBuildConfiguration;
			buildSettings = {
				ALWAYS_SEARCH_USER_PATHS = NO;
				CLANG_ANALYZER_NONNULL = YES;
				CLANG_ANALYZER_NUMBER_OBJECT_CONVERSION = YES_AGGRESSIVE;
				CLANG_CXX_LANGUAGE_STANDARD = "gnu++14";
				CLANG_CXX_LIBRARY = "libc++";
				CLANG_ENABLE_MODULES = YES;
				CLANG_ENABLE_OBJC_ARC = YES;
				CLANG_ENABLE_OBJC_WEAK = YES;
				CLANG_WARN_BLOCK_CAPTURE_AUTORELEASING = YES;
				CLANG_WARN_BOOL_CONVERSION = YES;
				CLANG_WARN_COMMA = YES;
				CLANG_WARN_CONSTANT_CONVERSION = YES;
				CLANG_WARN_DEPRECATED_OBJC_IMPLEMENTATIONS = YES;
				CLANG_WARN_DIRECT_OBJC_ISA_USAGE = YES_ERROR;
				CLANG_WARN_DOCUMENTATION_COMMENTS = YES;
				CLANG_WARN_EMPTY_BODY = YES;
				CLANG_WARN_ENUM_CONVERSION = YES;
				CLANG_WARN_INFINITE_RECURSION = YES;
				CLANG_WARN_INT_CONVERSION = YES;
				CLANG_WARN_NON_LITERAL_NULL_CONVERSION = YES;
				CLANG_WARN_OBJC_IMPLICIT_RETAIN_SELF = YES;
				CLANG_WARN_OBJC_LITERAL_CONVERSION = YES;
				CLANG_WARN_OBJC_ROOT_CLASS = YES_ERROR;
				CLANG_WARN_RANGE_LOOP_ANALYSIS = YES;
				CLANG_WARN_STRICT_PROTOTYPES = YES;
				CLANG_WARN_SUSPICIOUS_MOVE = YES;
				CLANG_WARN_UNGUARDED_AVAILABILITY = YES_AGGRESSIVE;
				CLANG_WARN_UNREACHABLE_CODE = YES;
				CLANG_WARN__DUPLICATE_METHOD_MATCH = YES;
				CODE_SIGN_IDENTITY = "iPhone Developer";
				COPY_PHASE_STRIP = NO;
				DEBUG_INFORMATION_FORMAT = dwarf;
				ENABLE_STRICT_OBJC_MSGSEND = YES;
				ENABLE_TESTABILITY = YES;
				GCC_C_LANGUAGE_STANDARD = gnu11;
				GCC_DYNAMIC_NO_PIC = NO;
				GCC_NO_COMMON_BLOCKS = YES;
				GCC_OPTIMIZATION_LEVEL = 0;
				GCC_PREPROCESSOR_DEFINITIONS = (
					"DEBUG=1",
					"$(inherited)",
				);
				GCC_WARN_64_TO_32_BIT_CONVERSION = YES;
				GCC_WARN_ABOUT_RETURN_TYPE = YES_ERROR;
				GCC_WARN_UNDECLARED_SELECTOR = YES;
				GCC_WARN_UNINITIALIZED_AUTOS = YES_AGGRESSIVE;
				GCC_WARN_UNUSED_FUNCTION = YES;
				GCC_WARN_UNUSED_VARIABLE = YES;
				IPHONEOS_DEPLOYMENT_TARGET = 11.3;
				MTL_ENABLE_DEBUG_INFO = YES;
				ONLY_ACTIVE_ARCH = YES;
				SDKROOT = iphoneos;
				SWIFT_ACTIVE_COMPILATION_CONDITIONS = DEBUG;
				SWIFT_OPTIMIZATION_LEVEL = "-Onone";
			};
			name = Debug;
		};
		9B80DA87211B783700C90895 /* Release */ = {
			isa = XCBuildConfiguration;
			buildSettings = {
				ALWAYS_SEARCH_USER_PATHS = NO;
				CLANG_ANALYZER_NONNULL = YES;
				CLANG_ANALYZER_NUMBER_OBJECT_CONVERSION = YES_AGGRESSIVE;
				CLANG_CXX_LANGUAGE_STANDARD = "gnu++14";
				CLANG_CXX_LIBRARY = "libc++";
				CLANG_ENABLE_MODULES = YES;
				CLANG_ENABLE_OBJC_ARC = YES;
				CLANG_ENABLE_OBJC_WEAK = YES;
				CLANG_WARN_BLOCK_CAPTURE_AUTORELEASING = YES;
				CLANG_WARN_BOOL_CONVERSION = YES;
				CLANG_WARN_COMMA = YES;
				CLANG_WARN_CONSTANT_CONVERSION = YES;
				CLANG_WARN_DEPRECATED_OBJC_IMPLEMENTATIONS = YES;
				CLANG_WARN_DIRECT_OBJC_ISA_USAGE = YES_ERROR;
				CLANG_WARN_DOCUMENTATION_COMMENTS = YES;
				CLANG_WARN_EMPTY_BODY = YES;
				CLANG_WARN_ENUM_CONVERSION = YES;
				CLANG_WARN_INFINITE_RECURSION = YES;
				CLANG_WARN_INT_CONVERSION = YES;
				CLANG_WARN_NON_LITERAL_NULL_CONVERSION = YES;
				CLANG_WARN_OBJC_IMPLICIT_RETAIN_SELF = YES;
				CLANG_WARN_OBJC_LITERAL_CONVERSION = YES;
				CLANG_WARN_OBJC_ROOT_CLASS = YES_ERROR;
				CLANG_WARN_RANGE_LOOP_ANALYSIS = YES;
				CLANG_WARN_STRICT_PROTOTYPES = YES;
				CLANG_WARN_SUSPICIOUS_MOVE = YES;
				CLANG_WARN_UNGUARDED_AVAILABILITY = YES_AGGRESSIVE;
				CLANG_WARN_UNREACHABLE_CODE = YES;
				CLANG_WARN__DUPLICATE_METHOD_MATCH = YES;
				CODE_SIGN_IDENTITY = "iPhone Developer";
				COPY_PHASE_STRIP = NO;
				DEBUG_INFORMATION_FORMAT = "dwarf-with-dsym";
				ENABLE_NS_ASSERTIONS = NO;
				ENABLE_STRICT_OBJC_MSGSEND = YES;
				GCC_C_LANGUAGE_STANDARD = gnu11;
				GCC_NO_COMMON_BLOCKS = YES;
				GCC_WARN_64_TO_32_BIT_CONVERSION = YES;
				GCC_WARN_ABOUT_RETURN_TYPE = YES_ERROR;
				GCC_WARN_UNDECLARED_SELECTOR = YES;
				GCC_WARN_UNINITIALIZED_AUTOS = YES_AGGRESSIVE;
				GCC_WARN_UNUSED_FUNCTION = YES;
				GCC_WARN_UNUSED_VARIABLE = YES;
				IPHONEOS_DEPLOYMENT_TARGET = 11.3;
				MTL_ENABLE_DEBUG_INFO = NO;
				SDKROOT = iphoneos;
				SWIFT_COMPILATION_MODE = wholemodule;
				SWIFT_OPTIMIZATION_LEVEL = "-O";
				VALIDATE_PRODUCT = YES;
			};
			name = Release;
		};
		9B80DA89211B783700C90895 /* Debug */ = {
			isa = XCBuildConfiguration;
			buildSettings = {
				ASSETCATALOG_COMPILER_APPICON_NAME = AppIcon;
				CODE_SIGN_STYLE = Automatic;
				INFOPLIST_FILE = ElectricityBill/Info.plist;
				LD_RUNPATH_SEARCH_PATHS = (
					"$(inherited)",
					"@executable_path/Frameworks",
				);
				PRODUCT_BUNDLE_IDENTIFIER = CestarCollege.ElectricityBill;
				PRODUCT_NAME = "$(TARGET_NAME)";
				SWIFT_VERSION = 4.0;
				TARGETED_DEVICE_FAMILY = "1,2";
			};
			name = Debug;
		};
		9B80DA8A211B783700C90895 /* Release */ = {
			isa = XCBuildConfiguration;
			buildSettings = {
				ASSETCATALOG_COMPILER_APPICON_NAME = AppIcon;
				CODE_SIGN_STYLE = Automatic;
				INFOPLIST_FILE = ElectricityBill/Info.plist;
				LD_RUNPATH_SEARCH_PATHS = (
					"$(inherited)",
					"@executable_path/Frameworks",
				);
				PRODUCT_BUNDLE_IDENTIFIER = CestarCollege.ElectricityBill;
				PRODUCT_NAME = "$(TARGET_NAME)";
				SWIFT_VERSION = 4.0;
				TARGETED_DEVICE_FAMILY = "1,2";
			};
			name = Release;
		};
		9B80DA8C211B783700C90895 /* Debug */ = {
			isa = XCBuildConfiguration;
			buildSettings = {
				ALWAYS_EMBED_SWIFT_STANDARD_LIBRARIES = YES;
				BUNDLE_LOADER = "$(TEST_HOST)";
				CODE_SIGN_STYLE = Automatic;
				INFOPLIST_FILE = ElectricityBillTests/Info.plist;
				LD_RUNPATH_SEARCH_PATHS = (
					"$(inherited)",
					"@executable_path/Frameworks",
					"@loader_path/Frameworks",
				);
				PRODUCT_BUNDLE_IDENTIFIER = CestarCollege.ElectricityBillTests;
				PRODUCT_NAME = "$(TARGET_NAME)";
				SWIFT_VERSION = 4.0;
				TARGETED_DEVICE_FAMILY = "1,2";
				TEST_HOST = "$(BUILT_PRODUCTS_DIR)/ElectricityBill.app/ElectricityBill";
			};
			name = Debug;
		};
		9B80DA8D211B783700C90895 /* Release */ = {
			isa = XCBuildConfiguration;
			buildSettings = {
				ALWAYS_EMBED_SWIFT_STANDARD_LIBRARIES = YES;
				BUNDLE_LOADER = "$(TEST_HOST)";
				CODE_SIGN_STYLE = Automatic;
				INFOPLIST_FILE = ElectricityBillTests/Info.plist;
				LD_RUNPATH_SEARCH_PATHS = (
					"$(inherited)",
					"@executable_path/Frameworks",
					"@loader_path/Frameworks",
				);
				PRODUCT_BUNDLE_IDENTIFIER = CestarCollege.ElectricityBillTests;
				PRODUCT_NAME = "$(TARGET_NAME)";
				SWIFT_VERSION = 4.0;
				TARGETED_DEVICE_FAMILY = "1,2";
				TEST_HOST = "$(BUILT_PRODUCTS_DIR)/ElectricityBill.app/ElectricityBill";
			};
			name = Release;
		};
		9B80DA8F211B783700C90895 /* Debug */ = {
			isa = XCBuildConfiguration;
			buildSettings = {
				ALWAYS_EMBED_SWIFT_STANDARD_LIBRARIES = YES;
				CODE_SIGN_STYLE = Automatic;
				INFOPLIST_FILE = ElectricityBillUITests/Info.plist;
				LD_RUNPATH_SEARCH_PATHS = (
					"$(inherited)",
					"@executable_path/Frameworks",
					"@loader_path/Frameworks",
				);
				PRODUCT_BUNDLE_IDENTIFIER = CestarCollege.ElectricityBillUITests;
				PRODUCT_NAME = "$(TARGET_NAME)";
				SWIFT_VERSION = 4.0;
				TARGETED_DEVICE_FAMILY = "1,2";
				TEST_TARGET_NAME = ElectricityBill;
			};
			name = Debug;
		};
		9B80DA90211B783700C90895 /* Release */ = {
			isa = XCBuildConfiguration;
			buildSettings = {
				ALWAYS_EMBED_SWIFT_STANDARD_LIBRARIES = YES;
				CODE_SIGN_STYLE = Automatic;
				INFOPLIST_FILE = ElectricityBillUITests/Info.plist;
				LD_RUNPATH_SEARCH_PATHS = (
					"$(inherited)",
					"@executable_path/Frameworks",
					"@loader_path/Frameworks",
				);
				PRODUCT_BUNDLE_IDENTIFIER = CestarCollege.ElectricityBillUITests;
				PRODUCT_NAME = "$(TARGET_NAME)";
				SWIFT_VERSION = 4.0;
				TARGETED_DEVICE_FAMILY = "1,2";
				TEST_TARGET_NAME = ElectricityBill;
			};
			name = Release;
		};
/* End XCBuildConfiguration section */

/* Begin XCConfigurationList section */
		9B80DA5B211B783600C90895 /* Build configuration list for PBXProject "ElectricityBill" */ = {
			isa = XCConfigurationList;
			buildConfigurations = (
				9B80DA86211B783700C90895 /* Debug */,
				9B80DA87211B783700C90895 /* Release */,
			);
			defaultConfigurationIsVisible = 0;
			defaultConfigurationName = Release;
		};
		9B80DA88211B783700C90895 /* Build configuration list for PBXNativeTarget "ElectricityBill" */ = {
			isa = XCConfigurationList;
			buildConfigurations = (
				9B80DA89211B783700C90895 /* Debug */,
				9B80DA8A211B783700C90895 /* Release */,
			);
			defaultConfigurationIsVisible = 0;
			defaultConfigurationName = Release;
		};
		9B80DA8B211B783700C90895 /* Build configuration list for PBXNativeTarget "ElectricityBillTests" */ = {
			isa = XCConfigurationList;
			buildConfigurations = (
				9B80DA8C211B783700C90895 /* Debug */,
				9B80DA8D211B783700C90895 /* Release */,
			);
			defaultConfigurationIsVisible = 0;
			defaultConfigurationName = Release;
		};
		9B80DA8E211B783700C90895 /* Build configuration list for PBXNativeTarget "ElectricityBillUITests" */ = {
			isa = XCConfigurationList;
			buildConfigurations = (
				9B80DA8F211B783700C90895 /* Debug */,
				9B80DA90211B783700C90895 /* Release */,
			);
			defaultConfigurationIsVisible = 0;
			defaultConfigurationName = Release;
		};
/* End XCConfigurationList section */
	};
	rootObject = 9B80DA58211B783600C90895 /* Project object */;
}
